{
  "name": "video-decoder",
  "version": "1.0.0",
  "lockfileVersion": 3,
  "requires": true,
  "packages": {
    "": {
      "name": "video-decoder",
      "version": "1.0.0",
      "license": "MIT",
      "dependencies": {
        "ffmpeg": "^0.0.4"
      },
      "devDependencies": {
        "@types/ffmpeg": "^1.0.7",
        "@types/node": "^20.11.30"
      }
    },
    "node_modules/@types/ffmpeg": {
      "version": "1.0.7",
      "resolved": "https://registry.npmjs.org/@types/ffmpeg/-/ffmpeg-1.0.7.tgz",
      "integrity": "sha512-7Pw61IDG9Tj+gXGNshJ7JIM2fhDe0IrK7/F+b8midmsiljiugWKbW5KoNmhtZS3pPXWVfVHP3wOwquF/wbVxiw==",
      "dev": true
    },
    "node_modules/@types/node": {
      "version": "20.11.30",
      "resolved": "https://registry.npmjs.org/@types/node/-/node-20.11.30.tgz",
      "integrity": "sha512-dHM6ZxwlmuZaRmUPfv1p+KrdD1Dci04FbdEm/9wEMouFqxYoFl5aMkt0VMAUtYRQDyYvD41WJLukhq/ha3YuTw==",
      "dev": true,
      "dependencies": {
        "undici-types": "~5.26.4"
      }
    },
    "node_modules/ffmpeg": {
      "version": "0.0.4",
      "resolved": "https://registry.npmjs.org/ffmpeg/-/ffmpeg-0.0.4.tgz",
      "integrity": "sha512-3TgWUJJlZGQn+crJFyhsO/oNeRRnGTy6GhgS98oUCIfZrOW5haPPV7DUfOm3xJcHr5q3TJpjk2GudPutrNisRA==",
      "dependencies": {
        "when": ">= 0.0.1"
      }
    },
    "node_modules/undici-types": {
      "version": "5.26.5",
      "resolved": "https://registry.npmjs.org/undici-types/-/undici-types-5.26.5.tgz",
      "integrity": "sha512-JlCMO+ehdEIKqlFxk6IfVoAUVmgz7cU7zD/h9XZ0qzeosSHmUJVOzSQvvYSYWXkFXC+IfLKSIffhv0sVZup6pA==",
      "dev": true
    },
    "node_modules/when": {
      "version": "3.7.8",
      "resolved": "https://registry.npmjs.org/when/-/when-3.7.8.tgz",
      "integrity": "sha512-5cZ7mecD3eYcMiCH4wtRPA5iFJZ50BJYDfckI5RRpQiktMiYTcn0ccLTZOvcbBume+1304fQztxeNzNS9Gvrnw=="
    }
  }
}
